{
  "name": "hexo-site",
  "requires": true,
  "lockfileVersion": 1,
  "dependencies": {
    "vue": {
      "version": "2.6.10",
      "resolved": "https://registry.npmjs.org/vue/-/vue-2.6.10.tgz",
      "integrity": "sha512-ImThpeNU9HbdZL3utgMCq0oiMzAkt1mcgy3/E6zWC/G6AaQoeuFdsl9nDhTDU3X1R6FK7nsIUuRACVcjI+A2GQ=="
    },
    "vue-router": {
      "version": "3.1.2",
      "resolved": "https://registry.npmjs.org/vue-router/-/vue-router-3.1.2.tgz",
      "integrity": "sha512-WssQEHSEvIS1/CI4CO2T8LJdoK4Q9Ngox28K7FDNMTfzNTk2WS5D0dDlqYCaPG+AG4Z8wJkn1KrBc7AhspZJUQ=="
    }
  }
}
